
Microsoft Visual Studio Solution File, Format Version 12.00
# Visual Studio Version 17
VisualStudioVersion = 17.0.32014.148
MinimumVisualStudioVersion = 10.0.40219.1
Project("{FAE04EC0-301F-11D3-BF4B-00C04F79EFBC}") = "Ransomware", "Ransomware.csproj", "{F9791101-FAC9-41D7-A2A2-D06C43DD2FDB}"
EndProject
Global
	GlobalSection(SolutionConfigurationPlatforms) = preSolution
		Debug|Any CPU = Debug|Any CPU
		Release|Any CPU = Release|Any CPU
	EndGlobalSection
	GlobalSection(ProjectConfigurationPlatforms) = postSolution
		{F9791101-FAC9-41D7-A2A2-D06C43DD2FDB}.Debug|Any CPU.ActiveCfg = Debug|Any CPU
		{F9791101-FAC9-41D7-A2A2-D06C43DD2FDB}.Debug|Any CPU.Build.0 = Debug|Any CPU
		{F9791101-FAC9-41D7-A2A2-D06C43DD2FDB}.Release|Any CPU.ActiveCfg = Release|Any CPU
		{F9791101-FAC9-41D7-A2A2-D06C43DD2FDB}.Release|Any CPU.Build.0 = Release|Any CPU
	EndGlobalSection
	GlobalSection(SolutionProperties) = preSolution
		HideSolutionNode = FALSE
	EndGlobalSection
	GlobalSection(ExtensibilityGlobals) = postSolution
		SolutionGuid = {9D339922-4891-47D2-8705-F5F0908AF89B}
	EndGlobalSection
EndGlobal
